
Microsoft Visual Studio Solution File, Format Version 12.00
# Visual Studio 14
VisualStudioVersion = 14.0.25420.1
MinimumVisualStudioVersion = 10.0.40219.1
Project("{FAE04EC0-301F-11D3-BF4B-00C04F79EFBC}") = "Leak", "Leak\Leak.csproj", "{CACD0BC5-0483-400D-8A0E-24648693C26F}"
EndProject
Project("{FAE04EC0-301F-11D3-BF4B-00C04F79EFBC}") = "Leak.Core", "Leak.Core\Leak.Core.csproj", "{C5760143-0CFC-4638-AF74-069D1A8985D6}"
EndProject
Project("{FAE04EC0-301F-11D3-BF4B-00C04F79EFBC}") = "Leak.Core.Tests", "Leak.Core.Tests\Leak.Core.Tests.csproj", "{5748E985-E51A-4CD1-86DF-092FAA19E987}"
EndProject
Project("{FAE04EC0-301F-11D3-BF4B-00C04F79EFBC}") = "Leak.Sockets", "Leak.Sockets\Leak.Sockets.csproj", "{6E385E2D-365A-46AA-AE93-01B375C4E48F}"
EndProject
Project("{FAE04EC0-301F-11D3-BF4B-00C04F79EFBC}") = "Leak.Sockets.Tests", "Leak.Sockets.Tests\Leak.Sockets.Tests.csproj", "{742850E6-BFF3-4D98-B892-53C023DD4087}"
EndProject
Project("{FAE04EC0-301F-11D3-BF4B-00C04F79EFBC}") = "Leak.Completion", "Leak.Completion\Leak.Completion.csproj", "{D9740E22-D95D-40C9-958B-C7F8CE164784}"
EndProject
Project("{FAE04EC0-301F-11D3-BF4B-00C04F79EFBC}") = "Leak.Completion.Tests", "Leak.Completion.Tests\Leak.Completion.Tests.csproj", "{2D646012-FB7D-4067-A541-EB3417AC3BDB}"
EndProject
Project("{FAE04EC0-301F-11D3-BF4B-00C04F79EFBC}") = "Leak.Files", "Leak.Files\Leak.Files.csproj", "{C64C553C-1260-4097-8334-8979A3493EAB}"
EndProject
Project("{FAE04EC0-301F-11D3-BF4B-00C04F79EFBC}") = "Leak.Files.Tests", "Leak.Files.Tests\Leak.Files.Tests.csproj", "{77C48D2B-08E9-4E0A-9EFF-ED342A5899BD}"
EndProject
Project("{FAE04EC0-301F-11D3-BF4B-00C04F79EFBC}") = "Leak.Echo", "Leak.Echo\Leak.Echo.csproj", "{1DCD0871-F232-42F4-9370-DC39BD07F624}"
EndProject
Project("{FAE04EC0-301F-11D3-BF4B-00C04F79EFBC}") = "Leak.Common", "Leak.Common\Leak.Common.csproj", "{86CC7FFA-A1F0-4477-9D6F-CAC2FF3DD555}"
EndProject
Project("{FAE04EC0-301F-11D3-BF4B-00C04F79EFBC}") = "Leak.Events", "Leak.Events\Leak.Events.csproj", "{9866F76F-64E9-4B0C-B2C5-34281B416803}"
EndProject
Project("{FAE04EC0-301F-11D3-BF4B-00C04F79EFBC}") = "Leak.Networking", "Leak.Networking\Leak.Networking.csproj", "{4EA55CFB-72FD-4298-810A-65A5A3E2AD48}"
EndProject
Project("{FAE04EC0-301F-11D3-BF4B-00C04F79EFBC}") = "Leak.Tasks", "Leak.Tasks\Leak.Tasks.csproj", "{FCE678FC-C5D3-4911-82F5-24FCB9F61D84}"
EndProject
Project("{FAE04EC0-301F-11D3-BF4B-00C04F79EFBC}") = "Leak.Networking.Tests", "Leak.Networking.Tests\Leak.Networking.Tests.csproj", "{0C9ADAD0-414B-447C-9B65-038BE38DB6D8}"
EndProject
Project("{FAE04EC0-301F-11D3-BF4B-00C04F79EFBC}") = "Leak.Testing", "Leak.Testing\Leak.Testing.csproj", "{56E41A71-1AC5-49D0-A8EC-B0E4767C7BF7}"
EndProject
Project("{FAE04EC0-301F-11D3-BF4B-00C04F79EFBC}") = "Leak.Negotiator", "Leak.Negotiator\Leak.Negotiator.csproj", "{ACAE4BA0-3596-447C-822A-E9FCE74D6486}"
EndProject
Project("{FAE04EC0-301F-11D3-BF4B-00C04F79EFBC}") = "Leak.Negotiator.Tests", "Leak.Negotiator.Tests\Leak.Negotiator.Tests.csproj", "{A22E2C58-AB67-4AEE-B250-FECF6F46DB1B}"
EndProject
Project("{FAE04EC0-301F-11D3-BF4B-00C04F79EFBC}") = "Leak.Listener", "Leak.Listener\Leak.Listener.csproj", "{B11E5E10-9F8D-4506-89A5-A4FB38BDBB65}"
EndProject
Project("{FAE04EC0-301F-11D3-BF4B-00C04F79EFBC}") = "Leak.Listener.Tests", "Leak.Listener.Tests\Leak.Listener.Tests.csproj", "{7B12E331-5AB0-4F3F-A706-37AEB6865628}"
EndProject
Project("{FAE04EC0-301F-11D3-BF4B-00C04F79EFBC}") = "Leak.Connector", "Leak.Connector\Leak.Connector.csproj", "{F060EB59-FF12-4D2F-8E88-01D09AC24BB6}"
EndProject
Project("{FAE04EC0-301F-11D3-BF4B-00C04F79EFBC}") = "Leak.Connector.Tests", "Leak.Connector.Tests\Leak.Connector.Tests.csproj", "{876E00CE-1E86-480D-A541-36FAD5F39C64}"
EndProject
Project("{FAE04EC0-301F-11D3-BF4B-00C04F79EFBC}") = "Leak.Communicator", "Leak.Communicator\Leak.Communicator.csproj", "{D0A3E78E-32B1-4DB2-A6CB-58D47FDDFE75}"
EndProject
Project("{FAE04EC0-301F-11D3-BF4B-00C04F79EFBC}") = "Leak.Communicator.Tests", "Leak.Communicator.Tests\Leak.Communicator.Tests.csproj", "{930BCEEB-420F-4444-B057-4CE2C523A954}"
EndProject
Project("{FAE04EC0-301F-11D3-BF4B-00C04F79EFBC}") = "Leak.Loop", "Leak.Loop\Leak.Loop.csproj", "{814C1638-D0DD-49F2-9B42-C2CCF37A3D7A}"
EndProject
Project("{FAE04EC0-301F-11D3-BF4B-00C04F79EFBC}") = "Leak.Loop.Tests", "Leak.Loop.Tests\Leak.Loop.Tests.csproj", "{5AA372FC-F6D3-47B8-845C-7388A821ED67}"
EndProject
Project("{FAE04EC0-301F-11D3-BF4B-00C04F79EFBC}") = "Leak.Glue", "Leak.Glue\Leak.Glue.csproj", "{A634E68E-F72F-42A5-ACB6-C99006FE24D2}"
EndProject
Project("{FAE04EC0-301F-11D3-BF4B-00C04F79EFBC}") = "Leak.Glue.Tests", "Leak.Glue.Tests\Leak.Glue.Tests.csproj", "{9BB91390-4B55-44C0-A33F-8D7BCC016381}"
EndProject
Project("{FAE04EC0-301F-11D3-BF4B-00C04F79EFBC}") = "Leak.Bencoding", "Leak.Bencoding\Leak.Bencoding.csproj", "{8B5AEBE3-A280-4941-A934-F007087A11A8}"
EndProject
Project("{FAE04EC0-301F-11D3-BF4B-00C04F79EFBC}") = "Leak.Bencoding.Tests", "Leak.Bencoding.Tests\Leak.Bencoding.Tests.csproj", "{DFDE5788-C0E8-4225-A29F-2163FA856E65}"
EndProject
Project("{FAE04EC0-301F-11D3-BF4B-00C04F79EFBC}") = "Leak.Memory", "Leak.Memory\Leak.Memory.csproj", "{6E91F6C7-B347-4618-9B9C-BCAB07A83E89}"
EndProject
Project("{FAE04EC0-301F-11D3-BF4B-00C04F79EFBC}") = "Leak.Memory.Tests", "Leak.Memory.Tests\Leak.Memory.Tests.csproj", "{D3DA777A-462A-4BF1-94B6-BFE1664991B8}"
EndProject
Project("{FAE04EC0-301F-11D3-BF4B-00C04F79EFBC}") = "Leak.Extensions.Metadata", "Leak.Extensions.Metadata\Leak.Extensions.Metadata.csproj", "{49AC3ED3-5705-40A3-B38F-CBB0D1672FFB}"
EndProject
Project("{FAE04EC0-301F-11D3-BF4B-00C04F79EFBC}") = "Leak.Extensions.Metadata.Tests", "Leak.Extensions.Metadata.Tests\Leak.Extensions.Metadata.Tests.csproj", "{E5EE575B-F48F-4CFE-A993-90A508BFF33C}"
EndProject
Project("{FAE04EC0-301F-11D3-BF4B-00C04F79EFBC}") = "Leak.Repository", "Leak.Repository\Leak.Repository.csproj", "{F0889175-1FD9-40D1-BB9E-CFDD3DB8B59F}"
EndProject
Project("{FAE04EC0-301F-11D3-BF4B-00C04F79EFBC}") = "Leak.Repository.Tests", "Leak.Repository.Tests\Leak.Repository.Tests.csproj", "{9A32CD88-2CF1-4C6E-A821-C356F409BDC0}"
EndProject
Project("{FAE04EC0-301F-11D3-BF4B-00C04F79EFBC}") = "Leak.Metadata", "Leak.Metadata\Leak.Metadata.csproj", "{73395DE7-5003-490C-8804-541DE647153D}"
EndProject
Project("{FAE04EC0-301F-11D3-BF4B-00C04F79EFBC}") = "Leak.Metadata.Tests", "Leak.Metadata.Tests\Leak.Metadata.Tests.csproj", "{3DE34B32-8848-46F8-A803-DE62193FA7BF}"
EndProject
Project("{FAE04EC0-301F-11D3-BF4B-00C04F79EFBC}") = "Leak.Metafile", "Leak.Metafile\Leak.Metafile.csproj", "{10B9B344-A0DB-4FFB-B661-7A8D0D4D4F81}"
EndProject
Project("{FAE04EC0-301F-11D3-BF4B-00C04F79EFBC}") = "Leak.Metafile.Tests", "Leak.Metafile.Tests\Leak.Metafile.Tests.csproj", "{28E72068-BA9D-470D-83C3-B968ACCD1A91}"
EndProject
Global
	GlobalSection(SolutionConfigurationPlatforms) = preSolution
		Debug|Any CPU = Debug|Any CPU
		Release|Any CPU = Release|Any CPU
	EndGlobalSection
	GlobalSection(ProjectConfigurationPlatforms) = postSolution
		{CACD0BC5-0483-400D-8A0E-24648693C26F}.Debug|Any CPU.ActiveCfg = Debug|Any CPU
		{CACD0BC5-0483-400D-8A0E-24648693C26F}.Debug|Any CPU.Build.0 = Debug|Any CPU
		{CACD0BC5-0483-400D-8A0E-24648693C26F}.Release|Any CPU.ActiveCfg = Release|Any CPU
		{CACD0BC5-0483-400D-8A0E-24648693C26F}.Release|Any CPU.Build.0 = Release|Any CPU
		{C5760143-0CFC-4638-AF74-069D1A8985D6}.Debug|Any CPU.ActiveCfg = Debug|Any CPU
		{C5760143-0CFC-4638-AF74-069D1A8985D6}.Debug|Any CPU.Build.0 = Debug|Any CPU
		{C5760143-0CFC-4638-AF74-069D1A8985D6}.Release|Any CPU.ActiveCfg = Release|Any CPU
		{C5760143-0CFC-4638-AF74-069D1A8985D6}.Release|Any CPU.Build.0 = Release|Any CPU
		{5748E985-E51A-4CD1-86DF-092FAA19E987}.Debug|Any CPU.ActiveCfg = Debug|Any CPU
		{5748E985-E51A-4CD1-86DF-092FAA19E987}.Debug|Any CPU.Build.0 = Debug|Any CPU
		{5748E985-E51A-4CD1-86DF-092FAA19E987}.Release|Any CPU.ActiveCfg = Release|Any CPU
		{5748E985-E51A-4CD1-86DF-092FAA19E987}.Release|Any CPU.Build.0 = Release|Any CPU
		{6E385E2D-365A-46AA-AE93-01B375C4E48F}.Debug|Any CPU.ActiveCfg = Debug|Any CPU
		{6E385E2D-365A-46AA-AE93-01B375C4E48F}.Debug|Any CPU.Build.0 = Debug|Any CPU
		{6E385E2D-365A-46AA-AE93-01B375C4E48F}.Release|Any CPU.ActiveCfg = Release|Any CPU
		{6E385E2D-365A-46AA-AE93-01B375C4E48F}.Release|Any CPU.Build.0 = Release|Any CPU
		{742850E6-BFF3-4D98-B892-53C023DD4087}.Debug|Any CPU.ActiveCfg = Debug|Any CPU
		{742850E6-BFF3-4D98-B892-53C023DD4087}.Debug|Any CPU.Build.0 = Debug|Any CPU
		{742850E6-BFF3-4D98-B892-53C023DD4087}.Release|Any CPU.ActiveCfg = Release|Any CPU
		{742850E6-BFF3-4D98-B892-53C023DD4087}.Release|Any CPU.Build.0 = Release|Any CPU
		{D9740E22-D95D-40C9-958B-C7F8CE164784}.Debug|Any CPU.ActiveCfg = Debug|Any CPU
		{D9740E22-D95D-40C9-958B-C7F8CE164784}.Debug|Any CPU.Build.0 = Debug|Any CPU
		{D9740E22-D95D-40C9-958B-C7F8CE164784}.Release|Any CPU.ActiveCfg = Release|Any CPU
		{D9740E22-D95D-40C9-958B-C7F8CE164784}.Release|Any CPU.Build.0 = Release|Any CPU
		{2D646012-FB7D-4067-A541-EB3417AC3BDB}.Debug|Any CPU.ActiveCfg = Debug|Any CPU
		{2D646012-FB7D-4067-A541-EB3417AC3BDB}.Debug|Any CPU.Build.0 = Debug|Any CPU
		{2D646012-FB7D-4067-A541-EB3417AC3BDB}.Release|Any CPU.ActiveCfg = Release|Any CPU
		{2D646012-FB7D-4067-A541-EB3417AC3BDB}.Release|Any CPU.Build.0 = Release|Any CPU
		{C64C553C-1260-4097-8334-8979A3493EAB}.Debug|Any CPU.ActiveCfg = Debug|Any CPU
		{C64C553C-1260-4097-8334-8979A3493EAB}.Debug|Any CPU.Build.0 = Debug|Any CPU
		{C64C553C-1260-4097-8334-8979A3493EAB}.Release|Any CPU.ActiveCfg = Release|Any CPU
		{C64C553C-1260-4097-8334-8979A3493EAB}.Release|Any CPU.Build.0 = Release|Any CPU
		{77C48D2B-08E9-4E0A-9EFF-ED342A5899BD}.Debug|Any CPU.ActiveCfg = Debug|Any CPU
		{77C48D2B-08E9-4E0A-9EFF-ED342A5899BD}.Debug|Any CPU.Build.0 = Debug|Any CPU
		{77C48D2B-08E9-4E0A-9EFF-ED342A5899BD}.Release|Any CPU.ActiveCfg = Release|Any CPU
		{77C48D2B-08E9-4E0A-9EFF-ED342A5899BD}.Release|Any CPU.Build.0 = Release|Any CPU
		{1DCD0871-F232-42F4-9370-DC39BD07F624}.Debug|Any CPU.ActiveCfg = Debug|Any CPU
		{1DCD0871-F232-42F4-9370-DC39BD07F624}.Debug|Any CPU.Build.0 = Debug|Any CPU
		{1DCD0871-F232-42F4-9370-DC39BD07F624}.Release|Any CPU.ActiveCfg = Release|Any CPU
		{1DCD0871-F232-42F4-9370-DC39BD07F624}.Release|Any CPU.Build.0 = Release|Any CPU
		{86CC7FFA-A1F0-4477-9D6F-CAC2FF3DD555}.Debug|Any CPU.ActiveCfg = Debug|Any CPU
		{86CC7FFA-A1F0-4477-9D6F-CAC2FF3DD555}.Debug|Any CPU.Build.0 = Debug|Any CPU
		{86CC7FFA-A1F0-4477-9D6F-CAC2FF3DD555}.Release|Any CPU.ActiveCfg = Release|Any CPU
		{86CC7FFA-A1F0-4477-9D6F-CAC2FF3DD555}.Release|Any CPU.Build.0 = Release|Any CPU
		{9866F76F-64E9-4B0C-B2C5-34281B416803}.Debug|Any CPU.ActiveCfg = Debug|Any CPU
		{9866F76F-64E9-4B0C-B2C5-34281B416803}.Debug|Any CPU.Build.0 = Debug|Any CPU
		{9866F76F-64E9-4B0C-B2C5-34281B416803}.Release|Any CPU.ActiveCfg = Release|Any CPU
		{9866F76F-64E9-4B0C-B2C5-34281B416803}.Release|Any CPU.Build.0 = Release|Any CPU
		{4EA55CFB-72FD-4298-810A-65A5A3E2AD48}.Debug|Any CPU.ActiveCfg = Debug|Any CPU
		{4EA55CFB-72FD-4298-810A-65A5A3E2AD48}.Debug|Any CPU.Build.0 = Debug|Any CPU
		{4EA55CFB-72FD-4298-810A-65A5A3E2AD48}.Release|Any CPU.ActiveCfg = Release|Any CPU
		{4EA55CFB-72FD-4298-810A-65A5A3E2AD48}.Release|Any CPU.Build.0 = Release|Any CPU
		{FCE678FC-C5D3-4911-82F5-24FCB9F61D84}.Debug|Any CPU.ActiveCfg = Debug|Any CPU
		{FCE678FC-C5D3-4911-82F5-24FCB9F61D84}.Debug|Any CPU.Build.0 = Debug|Any CPU
		{FCE678FC-C5D3-4911-82F5-24FCB9F61D84}.Release|Any CPU.ActiveCfg = Release|Any CPU
		{FCE678FC-C5D3-4911-82F5-24FCB9F61D84}.Release|Any CPU.Build.0 = Release|Any CPU
		{0C9ADAD0-414B-447C-9B65-038BE38DB6D8}.Debug|Any CPU.ActiveCfg = Debug|Any CPU
		{0C9ADAD0-414B-447C-9B65-038BE38DB6D8}.Debug|Any CPU.Build.0 = Debug|Any CPU
		{0C9ADAD0-414B-447C-9B65-038BE38DB6D8}.Release|Any CPU.ActiveCfg = Release|Any CPU
		{0C9ADAD0-414B-447C-9B65-038BE38DB6D8}.Release|Any CPU.Build.0 = Release|Any CPU
		{56E41A71-1AC5-49D0-A8EC-B0E4767C7BF7}.Debug|Any CPU.ActiveCfg = Debug|Any CPU
		{56E41A71-1AC5-49D0-A8EC-B0E4767C7BF7}.Debug|Any CPU.Build.0 = Debug|Any CPU
		{56E41A71-1AC5-49D0-A8EC-B0E4767C7BF7}.Release|Any CPU.ActiveCfg = Release|Any CPU
		{56E41A71-1AC5-49D0-A8EC-B0E4767C7BF7}.Release|Any CPU.Build.0 = Release|Any CPU
		{ACAE4BA0-3596-447C-822A-E9FCE74D6486}.Debug|Any CPU.ActiveCfg = Debug|Any CPU
		{ACAE4BA0-3596-447C-822A-E9FCE74D6486}.Debug|Any CPU.Build.0 = Debug|Any CPU
		{ACAE4BA0-3596-447C-822A-E9FCE74D6486}.Release|Any CPU.ActiveCfg = Release|Any CPU
		{ACAE4BA0-3596-447C-822A-E9FCE74D6486}.Release|Any CPU.Build.0 = Release|Any CPU
		{A22E2C58-AB67-4AEE-B250-FECF6F46DB1B}.Debug|Any CPU.ActiveCfg = Debug|Any CPU
		{A22E2C58-AB67-4AEE-B250-FECF6F46DB1B}.Debug|Any CPU.Build.0 = Debug|Any CPU
		{A22E2C58-AB67-4AEE-B250-FECF6F46DB1B}.Release|Any CPU.ActiveCfg = Release|Any CPU
		{A22E2C58-AB67-4AEE-B250-FECF6F46DB1B}.Release|Any CPU.Build.0 = Release|Any CPU
		{B11E5E10-9F8D-4506-89A5-A4FB38BDBB65}.Debug|Any CPU.ActiveCfg = Debug|Any CPU
		{B11E5E10-9F8D-4506-89A5-A4FB38BDBB65}.Debug|Any CPU.Build.0 = Debug|Any CPU
		{B11E5E10-9F8D-4506-89A5-A4FB38BDBB65}.Release|Any CPU.ActiveCfg = Release|Any CPU
		{B11E5E10-9F8D-4506-89A5-A4FB38BDBB65}.Release|Any CPU.Build.0 = Release|Any CPU
		{7B12E331-5AB0-4F3F-A706-37AEB6865628}.Debug|Any CPU.ActiveCfg = Debug|Any CPU
		{7B12E331-5AB0-4F3F-A706-37AEB6865628}.Debug|Any CPU.Build.0 = Debug|Any CPU
		{7B12E331-5AB0-4F3F-A706-37AEB6865628}.Release|Any CPU.ActiveCfg = Release|Any CPU
		{7B12E331-5AB0-4F3F-A706-37AEB6865628}.Release|Any CPU.Build.0 = Release|Any CPU
		{F060EB59-FF12-4D2F-8E88-01D09AC24BB6}.Debug|Any CPU.ActiveCfg = Debug|Any CPU
		{F060EB59-FF12-4D2F-8E88-01D09AC24BB6}.Debug|Any CPU.Build.0 = Debug|Any CPU
		{F060EB59-FF12-4D2F-8E88-01D09AC24BB6}.Release|Any CPU.ActiveCfg = Release|Any CPU
		{F060EB59-FF12-4D2F-8E88-01D09AC24BB6}.Release|Any CPU.Build.0 = Release|Any CPU
		{876E00CE-1E86-480D-A541-36FAD5F39C64}.Debug|Any CPU.ActiveCfg = Debug|Any CPU
		{876E00CE-1E86-480D-A541-36FAD5F39C64}.Debug|Any CPU.Build.0 = Debug|Any CPU
		{876E00CE-1E86-480D-A541-36FAD5F39C64}.Release|Any CPU.ActiveCfg = Release|Any CPU
		{876E00CE-1E86-480D-A541-36FAD5F39C64}.Release|Any CPU.Build.0 = Release|Any CPU
		{D0A3E78E-32B1-4DB2-A6CB-58D47FDDFE75}.Debug|Any CPU.ActiveCfg = Debug|Any CPU
		{D0A3E78E-32B1-4DB2-A6CB-58D47FDDFE75}.Debug|Any CPU.Build.0 = Debug|Any CPU
		{D0A3E78E-32B1-4DB2-A6CB-58D47FDDFE75}.Release|Any CPU.ActiveCfg = Release|Any CPU
		{D0A3E78E-32B1-4DB2-A6CB-58D47FDDFE75}.Release|Any CPU.Build.0 = Release|Any CPU
		{930BCEEB-420F-4444-B057-4CE2C523A954}.Debug|Any CPU.ActiveCfg = Debug|Any CPU
		{930BCEEB-420F-4444-B057-4CE2C523A954}.Debug|Any CPU.Build.0 = Debug|Any CPU
		{930BCEEB-420F-4444-B057-4CE2C523A954}.Release|Any CPU.ActiveCfg = Release|Any CPU
		{930BCEEB-420F-4444-B057-4CE2C523A954}.Release|Any CPU.Build.0 = Release|Any CPU
		{814C1638-D0DD-49F2-9B42-C2CCF37A3D7A}.Debug|Any CPU.ActiveCfg = Debug|Any CPU
		{814C1638-D0DD-49F2-9B42-C2CCF37A3D7A}.Debug|Any CPU.Build.0 = Debug|Any CPU
		{814C1638-D0DD-49F2-9B42-C2CCF37A3D7A}.Release|Any CPU.ActiveCfg = Release|Any CPU
		{814C1638-D0DD-49F2-9B42-C2CCF37A3D7A}.Release|Any CPU.Build.0 = Release|Any CPU
		{5AA372FC-F6D3-47B8-845C-7388A821ED67}.Debug|Any CPU.ActiveCfg = Debug|Any CPU
		{5AA372FC-F6D3-47B8-845C-7388A821ED67}.Debug|Any CPU.Build.0 = Debug|Any CPU
		{5AA372FC-F6D3-47B8-845C-7388A821ED67}.Release|Any CPU.ActiveCfg = Release|Any CPU
		{5AA372FC-F6D3-47B8-845C-7388A821ED67}.Release|Any CPU.Build.0 = Release|Any CPU
		{A634E68E-F72F-42A5-ACB6-C99006FE24D2}.Debug|Any CPU.ActiveCfg = Debug|Any CPU
		{A634E68E-F72F-42A5-ACB6-C99006FE24D2}.Debug|Any CPU.Build.0 = Debug|Any CPU
		{A634E68E-F72F-42A5-ACB6-C99006FE24D2}.Release|Any CPU.ActiveCfg = Release|Any CPU
		{A634E68E-F72F-42A5-ACB6-C99006FE24D2}.Release|Any CPU.Build.0 = Release|Any CPU
		{9BB91390-4B55-44C0-A33F-8D7BCC016381}.Debug|Any CPU.ActiveCfg = Debug|Any CPU
		{9BB91390-4B55-44C0-A33F-8D7BCC016381}.Debug|Any CPU.Build.0 = Debug|Any CPU
		{9BB91390-4B55-44C0-A33F-8D7BCC016381}.Release|Any CPU.ActiveCfg = Release|Any CPU
		{9BB91390-4B55-44C0-A33F-8D7BCC016381}.Release|Any CPU.Build.0 = Release|Any CPU
		{8B5AEBE3-A280-4941-A934-F007087A11A8}.Debug|Any CPU.ActiveCfg = Debug|Any CPU
		{8B5AEBE3-A280-4941-A934-F007087A11A8}.Debug|Any CPU.Build.0 = Debug|Any CPU
		{8B5AEBE3-A280-4941-A934-F007087A11A8}.Release|Any CPU.ActiveCfg = Release|Any CPU
		{8B5AEBE3-A280-4941-A934-F007087A11A8}.Release|Any CPU.Build.0 = Release|Any CPU
		{DFDE5788-C0E8-4225-A29F-2163FA856E65}.Debug|Any CPU.ActiveCfg = Debug|Any CPU
		{DFDE5788-C0E8-4225-A29F-2163FA856E65}.Debug|Any CPU.Build.0 = Debug|Any CPU
		{DFDE5788-C0E8-4225-A29F-2163FA856E65}.Release|Any CPU.ActiveCfg = Release|Any CPU
		{DFDE5788-C0E8-4225-A29F-2163FA856E65}.Release|Any CPU.Build.0 = Release|Any CPU
		{6E91F6C7-B347-4618-9B9C-BCAB07A83E89}.Debug|Any CPU.ActiveCfg = Debug|Any CPU
		{6E91F6C7-B347-4618-9B9C-BCAB07A83E89}.Debug|Any CPU.Build.0 = Debug|Any CPU
		{6E91F6C7-B347-4618-9B9C-BCAB07A83E89}.Release|Any CPU.ActiveCfg = Release|Any CPU
		{6E91F6C7-B347-4618-9B9C-BCAB07A83E89}.Release|Any CPU.Build.0 = Release|Any CPU
		{D3DA777A-462A-4BF1-94B6-BFE1664991B8}.Debug|Any CPU.ActiveCfg = Debug|Any CPU
		{D3DA777A-462A-4BF1-94B6-BFE1664991B8}.Debug|Any CPU.Build.0 = Debug|Any CPU
		{D3DA777A-462A-4BF1-94B6-BFE1664991B8}.Release|Any CPU.ActiveCfg = Release|Any CPU
		{D3DA777A-462A-4BF1-94B6-BFE1664991B8}.Release|Any CPU.Build.0 = Release|Any CPU
		{49AC3ED3-5705-40A3-B38F-CBB0D1672FFB}.Debug|Any CPU.ActiveCfg = Debug|Any CPU
		{49AC3ED3-5705-40A3-B38F-CBB0D1672FFB}.Debug|Any CPU.Build.0 = Debug|Any CPU
		{49AC3ED3-5705-40A3-B38F-CBB0D1672FFB}.Release|Any CPU.ActiveCfg = Release|Any CPU
		{49AC3ED3-5705-40A3-B38F-CBB0D1672FFB}.Release|Any CPU.Build.0 = Release|Any CPU
		{E5EE575B-F48F-4CFE-A993-90A508BFF33C}.Debug|Any CPU.ActiveCfg = Debug|Any CPU
		{E5EE575B-F48F-4CFE-A993-90A508BFF33C}.Debug|Any CPU.Build.0 = Debug|Any CPU
		{E5EE575B-F48F-4CFE-A993-90A508BFF33C}.Release|Any CPU.ActiveCfg = Release|Any CPU
		{E5EE575B-F48F-4CFE-A993-90A508BFF33C}.Release|Any CPU.Build.0 = Release|Any CPU
		{F0889175-1FD9-40D1-BB9E-CFDD3DB8B59F}.Debug|Any CPU.ActiveCfg = Debug|Any CPU
		{F0889175-1FD9-40D1-BB9E-CFDD3DB8B59F}.Debug|Any CPU.Build.0 = Debug|Any CPU
		{F0889175-1FD9-40D1-BB9E-CFDD3DB8B59F}.Release|Any CPU.ActiveCfg = Release|Any CPU
		{F0889175-1FD9-40D1-BB9E-CFDD3DB8B59F}.Release|Any CPU.Build.0 = Release|Any CPU
		{9A32CD88-2CF1-4C6E-A821-C356F409BDC0}.Debug|Any CPU.ActiveCfg = Debug|Any CPU
		{9A32CD88-2CF1-4C6E-A821-C356F409BDC0}.Debug|Any CPU.Build.0 = Debug|Any CPU
		{9A32CD88-2CF1-4C6E-A821-C356F409BDC0}.Release|Any CPU.ActiveCfg = Release|Any CPU
		{9A32CD88-2CF1-4C6E-A821-C356F409BDC0}.Release|Any CPU.Build.0 = Release|Any CPU
		{73395DE7-5003-490C-8804-541DE647153D}.Debug|Any CPU.ActiveCfg = Debug|Any CPU
		{73395DE7-5003-490C-8804-541DE647153D}.Debug|Any CPU.Build.0 = Debug|Any CPU
		{73395DE7-5003-490C-8804-541DE647153D}.Release|Any CPU.ActiveCfg = Release|Any CPU
		{73395DE7-5003-490C-8804-541DE647153D}.Release|Any CPU.Build.0 = Release|Any CPU
		{3DE34B32-8848-46F8-A803-DE62193FA7BF}.Debug|Any CPU.ActiveCfg = Debug|Any CPU
		{3DE34B32-8848-46F8-A803-DE62193FA7BF}.Debug|Any CPU.Build.0 = Debug|Any CPU
		{3DE34B32-8848-46F8-A803-DE62193FA7BF}.Release|Any CPU.ActiveCfg = Release|Any CPU
		{3DE34B32-8848-46F8-A803-DE62193FA7BF}.Release|Any CPU.Build.0 = Release|Any CPU
		{10B9B344-A0DB-4FFB-B661-7A8D0D4D4F81}.Debug|Any CPU.ActiveCfg = Debug|Any CPU
		{10B9B344-A0DB-4FFB-B661-7A8D0D4D4F81}.Debug|Any CPU.Build.0 = Debug|Any CPU
		{10B9B344-A0DB-4FFB-B661-7A8D0D4D4F81}.Release|Any CPU.ActiveCfg = Release|Any CPU
		{10B9B344-A0DB-4FFB-B661-7A8D0D4D4F81}.Release|Any CPU.Build.0 = Release|Any CPU
		{28E72068-BA9D-470D-83C3-B968ACCD1A91}.Debug|Any CPU.ActiveCfg = Debug|Any CPU
		{28E72068-BA9D-470D-83C3-B968ACCD1A91}.Debug|Any CPU.Build.0 = Debug|Any CPU
		{28E72068-BA9D-470D-83C3-B968ACCD1A91}.Release|Any CPU.ActiveCfg = Release|Any CPU
		{28E72068-BA9D-470D-83C3-B968ACCD1A91}.Release|Any CPU.Build.0 = Release|Any CPU
	EndGlobalSection
	GlobalSection(SolutionProperties) = preSolution
		HideSolutionNode = FALSE
	EndGlobalSection
EndGlobal
