
Microsoft Visual Studio Solution File, Format Version 12.00
# Visual Studio 14
VisualStudioVersion = 14.0.25420.1
MinimumVisualStudioVersion = 10.0.40219.1
Project("{FAE04EC0-301F-11D3-BF4B-00C04F79EFBC}") = "Leak.Core", "Leak.Core\Leak.Core.csproj", "{C5760143-0CFC-4638-AF74-069D1A8985D6}"
EndProject
Project("{FAE04EC0-301F-11D3-BF4B-00C04F79EFBC}") = "Leak.Core.Tests", "Leak.Core.Tests\Leak.Core.Tests.csproj", "{5748E985-E51A-4CD1-86DF-092FAA19E987}"
EndProject
Project("{FAE04EC0-301F-11D3-BF4B-00C04F79EFBC}") = "Leak.Sockets", "Leak.Sockets\Leak.Sockets.csproj", "{6E385E2D-365A-46AA-AE93-01B375C4E48F}"
EndProject
Project("{FAE04EC0-301F-11D3-BF4B-00C04F79EFBC}") = "Leak.Sockets.Tests", "Leak.Sockets.Tests\Leak.Sockets.Tests.csproj", "{742850E6-BFF3-4D98-B892-53C023DD4087}"
EndProject
Project("{FAE04EC0-301F-11D3-BF4B-00C04F79EFBC}") = "Leak.Completion", "Leak.Completion\Leak.Completion.csproj", "{D9740E22-D95D-40C9-958B-C7F8CE164784}"
EndProject
Project("{FAE04EC0-301F-11D3-BF4B-00C04F79EFBC}") = "Leak.Completion.Tests", "Leak.Completion.Tests\Leak.Completion.Tests.csproj", "{2D646012-FB7D-4067-A541-EB3417AC3BDB}"
EndProject
Project("{FAE04EC0-301F-11D3-BF4B-00C04F79EFBC}") = "Leak.Files", "Leak.Files\Leak.Files.csproj", "{C64C553C-1260-4097-8334-8979A3493EAB}"
EndProject
Project("{FAE04EC0-301F-11D3-BF4B-00C04F79EFBC}") = "Leak.Files.Tests", "Leak.Files.Tests\Leak.Files.Tests.csproj", "{77C48D2B-08E9-4E0A-9EFF-ED342A5899BD}"
EndProject
Project("{FAE04EC0-301F-11D3-BF4B-00C04F79EFBC}") = "Leak.Echo", "Leak.Echo\Leak.Echo.csproj", "{1DCD0871-F232-42F4-9370-DC39BD07F624}"
EndProject
Project("{FAE04EC0-301F-11D3-BF4B-00C04F79EFBC}") = "Leak.Common", "Leak.Common\Leak.Common.csproj", "{86CC7FFA-A1F0-4477-9D6F-CAC2FF3DD555}"
EndProject
Project("{FAE04EC0-301F-11D3-BF4B-00C04F79EFBC}") = "Leak.Events", "Leak.Events\Leak.Events.csproj", "{9866F76F-64E9-4B0C-B2C5-34281B416803}"
EndProject
Project("{FAE04EC0-301F-11D3-BF4B-00C04F79EFBC}") = "Leak.Networking", "Leak.Networking\Leak.Networking.csproj", "{4EA55CFB-72FD-4298-810A-65A5A3E2AD48}"
EndProject
Project("{FAE04EC0-301F-11D3-BF4B-00C04F79EFBC}") = "Leak.Tasks", "Leak.Tasks\Leak.Tasks.csproj", "{FCE678FC-C5D3-4911-82F5-24FCB9F61D84}"
EndProject
Project("{FAE04EC0-301F-11D3-BF4B-00C04F79EFBC}") = "Leak.Networking.Tests", "Leak.Networking.Tests\Leak.Networking.Tests.csproj", "{0C9ADAD0-414B-447C-9B65-038BE38DB6D8}"
EndProject
Project("{FAE04EC0-301F-11D3-BF4B-00C04F79EFBC}") = "Leak.Testing", "Leak.Testing\Leak.Testing.csproj", "{56E41A71-1AC5-49D0-A8EC-B0E4767C7BF7}"
EndProject
Project("{FAE04EC0-301F-11D3-BF4B-00C04F79EFBC}") = "Leak.Negotiator", "Leak.Negotiator\Leak.Negotiator.csproj", "{ACAE4BA0-3596-447C-822A-E9FCE74D6486}"
EndProject
Project("{FAE04EC0-301F-11D3-BF4B-00C04F79EFBC}") = "Leak.Negotiator.Tests", "Leak.Negotiator.Tests\Leak.Negotiator.Tests.csproj", "{A22E2C58-AB67-4AEE-B250-FECF6F46DB1B}"
EndProject
Project("{FAE04EC0-301F-11D3-BF4B-00C04F79EFBC}") = "Leak.Listener", "Leak.Listener\Leak.Listener.csproj", "{B11E5E10-9F8D-4506-89A5-A4FB38BDBB65}"
EndProject
Project("{FAE04EC0-301F-11D3-BF4B-00C04F79EFBC}") = "Leak.Listener.Tests", "Leak.Listener.Tests\Leak.Listener.Tests.csproj", "{7B12E331-5AB0-4F3F-A706-37AEB6865628}"
EndProject
Project("{FAE04EC0-301F-11D3-BF4B-00C04F79EFBC}") = "Leak.Connector", "Leak.Connector\Leak.Connector.csproj", "{F060EB59-FF12-4D2F-8E88-01D09AC24BB6}"
EndProject
Project("{FAE04EC0-301F-11D3-BF4B-00C04F79EFBC}") = "Leak.Connector.Tests", "Leak.Connector.Tests\Leak.Connector.Tests.csproj", "{876E00CE-1E86-480D-A541-36FAD5F39C64}"
EndProject
Project("{FAE04EC0-301F-11D3-BF4B-00C04F79EFBC}") = "Leak.Communicator", "Leak.Communicator\Leak.Communicator.csproj", "{D0A3E78E-32B1-4DB2-A6CB-58D47FDDFE75}"
EndProject
Project("{FAE04EC0-301F-11D3-BF4B-00C04F79EFBC}") = "Leak.Communicator.Tests", "Leak.Communicator.Tests\Leak.Communicator.Tests.csproj", "{930BCEEB-420F-4444-B057-4CE2C523A954}"
EndProject
Project("{FAE04EC0-301F-11D3-BF4B-00C04F79EFBC}") = "Leak.Loop", "Leak.Loop\Leak.Loop.csproj", "{814C1638-D0DD-49F2-9B42-C2CCF37A3D7A}"
EndProject
Project("{FAE04EC0-301F-11D3-BF4B-00C04F79EFBC}") = "Leak.Loop.Tests", "Leak.Loop.Tests\Leak.Loop.Tests.csproj", "{5AA372FC-F6D3-47B8-845C-7388A821ED67}"
EndProject
Project("{FAE04EC0-301F-11D3-BF4B-00C04F79EFBC}") = "Leak.Glue", "Leak.Glue\Leak.Glue.csproj", "{A634E68E-F72F-42A5-ACB6-C99006FE24D2}"
EndProject
Project("{FAE04EC0-301F-11D3-BF4B-00C04F79EFBC}") = "Leak.Glue.Tests", "Leak.Glue.Tests\Leak.Glue.Tests.csproj", "{9BB91390-4B55-44C0-A33F-8D7BCC016381}"
EndProject
Project("{FAE04EC0-301F-11D3-BF4B-00C04F79EFBC}") = "Leak.Bencoding", "Leak.Bencoding\Leak.Bencoding.csproj", "{8B5AEBE3-A280-4941-A934-F007087A11A8}"
EndProject
Project("{FAE04EC0-301F-11D3-BF4B-00C04F79EFBC}") = "Leak.Bencoding.Tests", "Leak.Bencoding.Tests\Leak.Bencoding.Tests.csproj", "{DFDE5788-C0E8-4225-A29F-2163FA856E65}"
EndProject
Project("{FAE04EC0-301F-11D3-BF4B-00C04F79EFBC}") = "Leak.Memory", "Leak.Memory\Leak.Memory.csproj", "{6E91F6C7-B347-4618-9B9C-BCAB07A83E89}"
EndProject
Project("{FAE04EC0-301F-11D3-BF4B-00C04F79EFBC}") = "Leak.Memory.Tests", "Leak.Memory.Tests\Leak.Memory.Tests.csproj", "{D3DA777A-462A-4BF1-94B6-BFE1664991B8}"
EndProject
Project("{FAE04EC0-301F-11D3-BF4B-00C04F79EFBC}") = "Leak.Extensions.Metadata", "Leak.Extensions.Metadata\Leak.Extensions.Metadata.csproj", "{49AC3ED3-5705-40A3-B38F-CBB0D1672FFB}"
EndProject
Project("{FAE04EC0-301F-11D3-BF4B-00C04F79EFBC}") = "Leak.Extensions.Metadata.Tests", "Leak.Extensions.Metadata.Tests\Leak.Extensions.Metadata.Tests.csproj", "{E5EE575B-F48F-4CFE-A993-90A508BFF33C}"
EndProject
Project("{FAE04EC0-301F-11D3-BF4B-00C04F79EFBC}") = "Leak.Data.Store", "Leak.Repository\Leak.Data.Store.csproj", "{F0889175-1FD9-40D1-BB9E-CFDD3DB8B59F}"
EndProject
Project("{FAE04EC0-301F-11D3-BF4B-00C04F79EFBC}") = "Leak.Data.Store.Tests", "Leak.Repository.Tests\Leak.Data.Store.Tests.csproj", "{9A32CD88-2CF1-4C6E-A821-C356F409BDC0}"
EndProject
Project("{FAE04EC0-301F-11D3-BF4B-00C04F79EFBC}") = "Leak.Meta.Info", "Leak.Metadata\Leak.Meta.Info.csproj", "{73395DE7-5003-490C-8804-541DE647153D}"
EndProject
Project("{FAE04EC0-301F-11D3-BF4B-00C04F79EFBC}") = "Leak.Meta.Info.Tests", "Leak.Metadata.Tests\Leak.Meta.Info.Tests.csproj", "{3DE34B32-8848-46F8-A803-DE62193FA7BF}"
EndProject
Project("{FAE04EC0-301F-11D3-BF4B-00C04F79EFBC}") = "Leak.Meta.Store", "Leak.Metafile\Leak.Meta.Store.csproj", "{10B9B344-A0DB-4FFB-B661-7A8D0D4D4F81}"
EndProject
Project("{FAE04EC0-301F-11D3-BF4B-00C04F79EFBC}") = "Leak.Meta.Store.Tests", "Leak.Metafile.Tests\Leak.Meta.Store.Tests.csproj", "{28E72068-BA9D-470D-83C3-B968ACCD1A91}"
EndProject
Project("{FAE04EC0-301F-11D3-BF4B-00C04F79EFBC}") = "Leak.Data.Map", "Leak.Omnibus\Leak.Data.Map.csproj", "{A69138D4-EAEB-4690-A040-5F612FEDDEB2}"
EndProject
Project("{FAE04EC0-301F-11D3-BF4B-00C04F79EFBC}") = "Leak.Data.Map.Tests", "Leak.Omnibus.Tests\Leak.Data.Map.Tests.csproj", "{4DB681D0-3C3C-43C9-8950-B73344427ADC}"
EndProject
Project("{FAE04EC0-301F-11D3-BF4B-00C04F79EFBC}") = "Leak.Data.Get", "Leak.Retriever\Leak.Data.Get.csproj", "{61B61289-D4E4-45F2-916B-D60114A4BD66}"
EndProject
Project("{FAE04EC0-301F-11D3-BF4B-00C04F79EFBC}") = "Leak.Data.Get.Tests", "Leak.Retriever.Tests\Leak.Data.Get.Tests.csproj", "{7545567D-C0F9-4614-B16A-12DEEE138009}"
EndProject
Project("{FAE04EC0-301F-11D3-BF4B-00C04F79EFBC}") = "Leak.Meta.Get", "Leak.Metaget\Leak.Meta.Get.csproj", "{DA5EF2F2-7938-44CF-8869-4530DFC95B89}"
EndProject
Project("{FAE04EC0-301F-11D3-BF4B-00C04F79EFBC}") = "Leak.Meta.Get.Tests", "Leak.Metaget.Tests\Leak.Meta.Get.Tests.csproj", "{16059263-FAFC-46AF-83F4-D8999D10F4BA}"
EndProject
Project("{FAE04EC0-301F-11D3-BF4B-00C04F79EFBC}") = "Leak.Extensions.Peers", "Leak.Extensions.Peers\Leak.Extensions.Peers.csproj", "{DAD7BECB-B423-4384-8EDC-0D496E164EEC}"
EndProject
Project("{FAE04EC0-301F-11D3-BF4B-00C04F79EFBC}") = "Leak.Extensions.Peers.Tests", "Leak.Extensions.Peers.Tests\Leak.Extensions.Peers.Tests.csproj", "{014B7148-774A-4784-8124-516CF00B4B9E}"
EndProject
Project("{FAE04EC0-301F-11D3-BF4B-00C04F79EFBC}") = "Leak.Extensions", "Leak.Extensions\Leak.Extensions.csproj", "{3348C6C0-81B0-4FB3-BA1D-6826968F028E}"
EndProject
Project("{FAE04EC0-301F-11D3-BF4B-00C04F79EFBC}") = "Leak.Meta.Share", "Leak.Metashare\Leak.Meta.Share.csproj", "{EC53646C-960E-4DA4-8AFF-E12370ACCCAE}"
EndProject
Project("{FAE04EC0-301F-11D3-BF4B-00C04F79EFBC}") = "Leak.Meta.Share.Tests", "Leak.Metashare.Tests\Leak.Meta.Share.Tests.csproj", "{69F691CF-7D66-42B3-B941-6A8579533AC7}"
EndProject
Project("{FAE04EC0-301F-11D3-BF4B-00C04F79EFBC}") = "Leak.Data.Share", "Leak.Datashare\Leak.Data.Share.csproj", "{545E697B-FF18-401C-A1DB-141035F57E2A}"
EndProject
Project("{FAE04EC0-301F-11D3-BF4B-00C04F79EFBC}") = "Leak.Data.Share.Tests", "Leak.Datashare.Tests\Leak.Data.Share.Tests.csproj", "{E00EF5D4-3077-454A-A06D-7743AA9647F9}"
EndProject
Project("{2150E333-8FDC-42A3-9474-1A3956D46DE8}") = "Low", "Low", "{8684A307-3205-4786-B679-8062883F35B4}"
EndProject
Project("{2150E333-8FDC-42A3-9474-1A3956D46DE8}") = "Medium", "Medium", "{8E9CBDAA-AD39-4B48-8F6A-2FFB53D53628}"
EndProject
Project("{2150E333-8FDC-42A3-9474-1A3956D46DE8}") = "High", "High", "{053B2C2A-623B-4D27-8D73-5E7F880932ED}"
EndProject
Project("{2150E333-8FDC-42A3-9474-1A3956D46DE8}") = "System", "System", "{D3B598F9-0178-4C17-8948-16CCF5E1134F}"
EndProject
Project("{2150E333-8FDC-42A3-9474-1A3956D46DE8}") = "Shared", "Shared", "{86BF3059-2C78-4066-A61D-43A694D2CF90}"
EndProject
Project("{2150E333-8FDC-42A3-9474-1A3956D46DE8}") = "Apps", "Apps", "{2FCE124B-221D-4694-B7D0-7478BBD48429}"
EndProject
Project("{FAE04EC0-301F-11D3-BF4B-00C04F79EFBC}") = "Leak.Announce", "Leak.Announce\Leak.Announce.csproj", "{D67B3469-DA9B-4482-9F59-D3D2A1FA0842}"
EndProject
Project("{2150E333-8FDC-42A3-9474-1A3956D46DE8}") = "Client", "Client", "{B79FF7E1-8967-48D1-8B73-8512C2AED1EF}"
EndProject
Project("{FAE04EC0-301F-11D3-BF4B-00C04F79EFBC}") = "Leak.Client.Tracker", "Leak.Client.Tracker\Leak.Client.Tracker.csproj", "{F906BB3F-0FBD-451A-BC3C-17BF01270247}"
EndProject
Project("{FAE04EC0-301F-11D3-BF4B-00C04F79EFBC}") = "Leak.Tracker.Get", "Leak.Tracker.Get\Leak.Tracker.Get.csproj", "{E5CA7D39-6415-44F4-A600-E773727CB8CB}"
EndProject
Project("{FAE04EC0-301F-11D3-BF4B-00C04F79EFBC}") = "Leak.Tracker.Get.Events", "Leak.Tracker.Get.Events\Leak.Tracker.Get.Events.csproj", "{0416DEEF-DF18-4438-9A25-D4EE468CF292}"
EndProject
Project("{FAE04EC0-301F-11D3-BF4B-00C04F79EFBC}") = "Leak.Connect", "Leak.Connect\Leak.Connect.csproj", "{EDFD76CB-3D3C-4539-B0F3-BD86F0B04D95}"
EndProject
Project("{FAE04EC0-301F-11D3-BF4B-00C04F79EFBC}") = "Leak.Client.Peer", "Leak.Client.Peer\Leak.Client.Peer.csproj", "{BD9B8564-4B2B-4D53-84F1-95E7BC04EC8C}"
EndProject
Project("{FAE04EC0-301F-11D3-BF4B-00C04F79EFBC}") = "Leak", "Leak\Leak.csproj", "{B1FC7D83-C38A-4C15-8693-3300CF3EF54F}"
EndProject
Project("{FAE04EC0-301F-11D3-BF4B-00C04F79EFBC}") = "Leak.Client.Swarm", "Leak.Client.Swarm\Leak.Client.Swarm.csproj", "{B0AAF646-B3C7-4B8A-933D-BA782B21092C}"
EndProject
Global
	GlobalSection(SolutionConfigurationPlatforms) = preSolution
		Debug|Any CPU = Debug|Any CPU
		Release|Any CPU = Release|Any CPU
	EndGlobalSection
	GlobalSection(ProjectConfigurationPlatforms) = postSolution
		{C5760143-0CFC-4638-AF74-069D1A8985D6}.Debug|Any CPU.ActiveCfg = Debug|Any CPU
		{C5760143-0CFC-4638-AF74-069D1A8985D6}.Debug|Any CPU.Build.0 = Debug|Any CPU
		{C5760143-0CFC-4638-AF74-069D1A8985D6}.Release|Any CPU.ActiveCfg = Release|Any CPU
		{C5760143-0CFC-4638-AF74-069D1A8985D6}.Release|Any CPU.Build.0 = Release|Any CPU
		{5748E985-E51A-4CD1-86DF-092FAA19E987}.Debug|Any CPU.ActiveCfg = Debug|Any CPU
		{5748E985-E51A-4CD1-86DF-092FAA19E987}.Debug|Any CPU.Build.0 = Debug|Any CPU
		{5748E985-E51A-4CD1-86DF-092FAA19E987}.Release|Any CPU.ActiveCfg = Release|Any CPU
		{5748E985-E51A-4CD1-86DF-092FAA19E987}.Release|Any CPU.Build.0 = Release|Any CPU
		{6E385E2D-365A-46AA-AE93-01B375C4E48F}.Debug|Any CPU.ActiveCfg = Debug|Any CPU
		{6E385E2D-365A-46AA-AE93-01B375C4E48F}.Debug|Any CPU.Build.0 = Debug|Any CPU
		{6E385E2D-365A-46AA-AE93-01B375C4E48F}.Release|Any CPU.ActiveCfg = Release|Any CPU
		{6E385E2D-365A-46AA-AE93-01B375C4E48F}.Release|Any CPU.Build.0 = Release|Any CPU
		{742850E6-BFF3-4D98-B892-53C023DD4087}.Debug|Any CPU.ActiveCfg = Debug|Any CPU
		{742850E6-BFF3-4D98-B892-53C023DD4087}.Debug|Any CPU.Build.0 = Debug|Any CPU
		{742850E6-BFF3-4D98-B892-53C023DD4087}.Release|Any CPU.ActiveCfg = Release|Any CPU
		{742850E6-BFF3-4D98-B892-53C023DD4087}.Release|Any CPU.Build.0 = Release|Any CPU
		{D9740E22-D95D-40C9-958B-C7F8CE164784}.Debug|Any CPU.ActiveCfg = Debug|Any CPU
		{D9740E22-D95D-40C9-958B-C7F8CE164784}.Debug|Any CPU.Build.0 = Debug|Any CPU
		{D9740E22-D95D-40C9-958B-C7F8CE164784}.Release|Any CPU.ActiveCfg = Release|Any CPU
		{D9740E22-D95D-40C9-958B-C7F8CE164784}.Release|Any CPU.Build.0 = Release|Any CPU
		{2D646012-FB7D-4067-A541-EB3417AC3BDB}.Debug|Any CPU.ActiveCfg = Debug|Any CPU
		{2D646012-FB7D-4067-A541-EB3417AC3BDB}.Debug|Any CPU.Build.0 = Debug|Any CPU
		{2D646012-FB7D-4067-A541-EB3417AC3BDB}.Release|Any CPU.ActiveCfg = Release|Any CPU
		{2D646012-FB7D-4067-A541-EB3417AC3BDB}.Release|Any CPU.Build.0 = Release|Any CPU
		{C64C553C-1260-4097-8334-8979A3493EAB}.Debug|Any CPU.ActiveCfg = Debug|Any CPU
		{C64C553C-1260-4097-8334-8979A3493EAB}.Debug|Any CPU.Build.0 = Debug|Any CPU
		{C64C553C-1260-4097-8334-8979A3493EAB}.Release|Any CPU.ActiveCfg = Release|Any CPU
		{C64C553C-1260-4097-8334-8979A3493EAB}.Release|Any CPU.Build.0 = Release|Any CPU
		{77C48D2B-08E9-4E0A-9EFF-ED342A5899BD}.Debug|Any CPU.ActiveCfg = Debug|Any CPU
		{77C48D2B-08E9-4E0A-9EFF-ED342A5899BD}.Debug|Any CPU.Build.0 = Debug|Any CPU
		{77C48D2B-08E9-4E0A-9EFF-ED342A5899BD}.Release|Any CPU.ActiveCfg = Release|Any CPU
		{77C48D2B-08E9-4E0A-9EFF-ED342A5899BD}.Release|Any CPU.Build.0 = Release|Any CPU
		{1DCD0871-F232-42F4-9370-DC39BD07F624}.Debug|Any CPU.ActiveCfg = Debug|Any CPU
		{1DCD0871-F232-42F4-9370-DC39BD07F624}.Debug|Any CPU.Build.0 = Debug|Any CPU
		{1DCD0871-F232-42F4-9370-DC39BD07F624}.Release|Any CPU.ActiveCfg = Release|Any CPU
		{1DCD0871-F232-42F4-9370-DC39BD07F624}.Release|Any CPU.Build.0 = Release|Any CPU
		{86CC7FFA-A1F0-4477-9D6F-CAC2FF3DD555}.Debug|Any CPU.ActiveCfg = Debug|Any CPU
		{86CC7FFA-A1F0-4477-9D6F-CAC2FF3DD555}.Debug|Any CPU.Build.0 = Debug|Any CPU
		{86CC7FFA-A1F0-4477-9D6F-CAC2FF3DD555}.Release|Any CPU.ActiveCfg = Release|Any CPU
		{86CC7FFA-A1F0-4477-9D6F-CAC2FF3DD555}.Release|Any CPU.Build.0 = Release|Any CPU
		{9866F76F-64E9-4B0C-B2C5-34281B416803}.Debug|Any CPU.ActiveCfg = Debug|Any CPU
		{9866F76F-64E9-4B0C-B2C5-34281B416803}.Debug|Any CPU.Build.0 = Debug|Any CPU
		{9866F76F-64E9-4B0C-B2C5-34281B416803}.Release|Any CPU.ActiveCfg = Release|Any CPU
		{9866F76F-64E9-4B0C-B2C5-34281B416803}.Release|Any CPU.Build.0 = Release|Any CPU
		{4EA55CFB-72FD-4298-810A-65A5A3E2AD48}.Debug|Any CPU.ActiveCfg = Debug|Any CPU
		{4EA55CFB-72FD-4298-810A-65A5A3E2AD48}.Debug|Any CPU.Build.0 = Debug|Any CPU
		{4EA55CFB-72FD-4298-810A-65A5A3E2AD48}.Release|Any CPU.ActiveCfg = Release|Any CPU
		{4EA55CFB-72FD-4298-810A-65A5A3E2AD48}.Release|Any CPU.Build.0 = Release|Any CPU
		{FCE678FC-C5D3-4911-82F5-24FCB9F61D84}.Debug|Any CPU.ActiveCfg = Debug|Any CPU
		{FCE678FC-C5D3-4911-82F5-24FCB9F61D84}.Debug|Any CPU.Build.0 = Debug|Any CPU
		{FCE678FC-C5D3-4911-82F5-24FCB9F61D84}.Release|Any CPU.ActiveCfg = Release|Any CPU
		{FCE678FC-C5D3-4911-82F5-24FCB9F61D84}.Release|Any CPU.Build.0 = Release|Any CPU
		{0C9ADAD0-414B-447C-9B65-038BE38DB6D8}.Debug|Any CPU.ActiveCfg = Debug|Any CPU
		{0C9ADAD0-414B-447C-9B65-038BE38DB6D8}.Debug|Any CPU.Build.0 = Debug|Any CPU
		{0C9ADAD0-414B-447C-9B65-038BE38DB6D8}.Release|Any CPU.ActiveCfg = Release|Any CPU
		{0C9ADAD0-414B-447C-9B65-038BE38DB6D8}.Release|Any CPU.Build.0 = Release|Any CPU
		{56E41A71-1AC5-49D0-A8EC-B0E4767C7BF7}.Debug|Any CPU.ActiveCfg = Debug|Any CPU
		{56E41A71-1AC5-49D0-A8EC-B0E4767C7BF7}.Debug|Any CPU.Build.0 = Debug|Any CPU
		{56E41A71-1AC5-49D0-A8EC-B0E4767C7BF7}.Release|Any CPU.ActiveCfg = Release|Any CPU
		{56E41A71-1AC5-49D0-A8EC-B0E4767C7BF7}.Release|Any CPU.Build.0 = Release|Any CPU
		{ACAE4BA0-3596-447C-822A-E9FCE74D6486}.Debug|Any CPU.ActiveCfg = Debug|Any CPU
		{ACAE4BA0-3596-447C-822A-E9FCE74D6486}.Debug|Any CPU.Build.0 = Debug|Any CPU
		{ACAE4BA0-3596-447C-822A-E9FCE74D6486}.Release|Any CPU.ActiveCfg = Release|Any CPU
		{ACAE4BA0-3596-447C-822A-E9FCE74D6486}.Release|Any CPU.Build.0 = Release|Any CPU
		{A22E2C58-AB67-4AEE-B250-FECF6F46DB1B}.Debug|Any CPU.ActiveCfg = Debug|Any CPU
		{A22E2C58-AB67-4AEE-B250-FECF6F46DB1B}.Debug|Any CPU.Build.0 = Debug|Any CPU
		{A22E2C58-AB67-4AEE-B250-FECF6F46DB1B}.Release|Any CPU.ActiveCfg = Release|Any CPU
		{A22E2C58-AB67-4AEE-B250-FECF6F46DB1B}.Release|Any CPU.Build.0 = Release|Any CPU
		{B11E5E10-9F8D-4506-89A5-A4FB38BDBB65}.Debug|Any CPU.ActiveCfg = Debug|Any CPU
		{B11E5E10-9F8D-4506-89A5-A4FB38BDBB65}.Debug|Any CPU.Build.0 = Debug|Any CPU
		{B11E5E10-9F8D-4506-89A5-A4FB38BDBB65}.Release|Any CPU.ActiveCfg = Release|Any CPU
		{B11E5E10-9F8D-4506-89A5-A4FB38BDBB65}.Release|Any CPU.Build.0 = Release|Any CPU
		{7B12E331-5AB0-4F3F-A706-37AEB6865628}.Debug|Any CPU.ActiveCfg = Debug|Any CPU
		{7B12E331-5AB0-4F3F-A706-37AEB6865628}.Debug|Any CPU.Build.0 = Debug|Any CPU
		{7B12E331-5AB0-4F3F-A706-37AEB6865628}.Release|Any CPU.ActiveCfg = Release|Any CPU
		{7B12E331-5AB0-4F3F-A706-37AEB6865628}.Release|Any CPU.Build.0 = Release|Any CPU
		{F060EB59-FF12-4D2F-8E88-01D09AC24BB6}.Debug|Any CPU.ActiveCfg = Debug|Any CPU
		{F060EB59-FF12-4D2F-8E88-01D09AC24BB6}.Debug|Any CPU.Build.0 = Debug|Any CPU
		{F060EB59-FF12-4D2F-8E88-01D09AC24BB6}.Release|Any CPU.ActiveCfg = Release|Any CPU
		{F060EB59-FF12-4D2F-8E88-01D09AC24BB6}.Release|Any CPU.Build.0 = Release|Any CPU
		{876E00CE-1E86-480D-A541-36FAD5F39C64}.Debug|Any CPU.ActiveCfg = Debug|Any CPU
		{876E00CE-1E86-480D-A541-36FAD5F39C64}.Debug|Any CPU.Build.0 = Debug|Any CPU
		{876E00CE-1E86-480D-A541-36FAD5F39C64}.Release|Any CPU.ActiveCfg = Release|Any CPU
		{876E00CE-1E86-480D-A541-36FAD5F39C64}.Release|Any CPU.Build.0 = Release|Any CPU
		{D0A3E78E-32B1-4DB2-A6CB-58D47FDDFE75}.Debug|Any CPU.ActiveCfg = Debug|Any CPU
		{D0A3E78E-32B1-4DB2-A6CB-58D47FDDFE75}.Debug|Any CPU.Build.0 = Debug|Any CPU
		{D0A3E78E-32B1-4DB2-A6CB-58D47FDDFE75}.Release|Any CPU.ActiveCfg = Release|Any CPU
		{D0A3E78E-32B1-4DB2-A6CB-58D47FDDFE75}.Release|Any CPU.Build.0 = Release|Any CPU
		{930BCEEB-420F-4444-B057-4CE2C523A954}.Debug|Any CPU.ActiveCfg = Debug|Any CPU
		{930BCEEB-420F-4444-B057-4CE2C523A954}.Debug|Any CPU.Build.0 = Debug|Any CPU
		{930BCEEB-420F-4444-B057-4CE2C523A954}.Release|Any CPU.ActiveCfg = Release|Any CPU
		{930BCEEB-420F-4444-B057-4CE2C523A954}.Release|Any CPU.Build.0 = Release|Any CPU
		{814C1638-D0DD-49F2-9B42-C2CCF37A3D7A}.Debug|Any CPU.ActiveCfg = Debug|Any CPU
		{814C1638-D0DD-49F2-9B42-C2CCF37A3D7A}.Debug|Any CPU.Build.0 = Debug|Any CPU
		{814C1638-D0DD-49F2-9B42-C2CCF37A3D7A}.Release|Any CPU.ActiveCfg = Release|Any CPU
		{814C1638-D0DD-49F2-9B42-C2CCF37A3D7A}.Release|Any CPU.Build.0 = Release|Any CPU
		{5AA372FC-F6D3-47B8-845C-7388A821ED67}.Debug|Any CPU.ActiveCfg = Debug|Any CPU
		{5AA372FC-F6D3-47B8-845C-7388A821ED67}.Debug|Any CPU.Build.0 = Debug|Any CPU
		{5AA372FC-F6D3-47B8-845C-7388A821ED67}.Release|Any CPU.ActiveCfg = Release|Any CPU
		{5AA372FC-F6D3-47B8-845C-7388A821ED67}.Release|Any CPU.Build.0 = Release|Any CPU
		{A634E68E-F72F-42A5-ACB6-C99006FE24D2}.Debug|Any CPU.ActiveCfg = Debug|Any CPU
		{A634E68E-F72F-42A5-ACB6-C99006FE24D2}.Debug|Any CPU.Build.0 = Debug|Any CPU
		{A634E68E-F72F-42A5-ACB6-C99006FE24D2}.Release|Any CPU.ActiveCfg = Release|Any CPU
		{A634E68E-F72F-42A5-ACB6-C99006FE24D2}.Release|Any CPU.Build.0 = Release|Any CPU
		{9BB91390-4B55-44C0-A33F-8D7BCC016381}.Debug|Any CPU.ActiveCfg = Debug|Any CPU
		{9BB91390-4B55-44C0-A33F-8D7BCC016381}.Debug|Any CPU.Build.0 = Debug|Any CPU
		{9BB91390-4B55-44C0-A33F-8D7BCC016381}.Release|Any CPU.ActiveCfg = Release|Any CPU
		{9BB91390-4B55-44C0-A33F-8D7BCC016381}.Release|Any CPU.Build.0 = Release|Any CPU
		{8B5AEBE3-A280-4941-A934-F007087A11A8}.Debug|Any CPU.ActiveCfg = Debug|Any CPU
		{8B5AEBE3-A280-4941-A934-F007087A11A8}.Debug|Any CPU.Build.0 = Debug|Any CPU
		{8B5AEBE3-A280-4941-A934-F007087A11A8}.Release|Any CPU.ActiveCfg = Release|Any CPU
		{8B5AEBE3-A280-4941-A934-F007087A11A8}.Release|Any CPU.Build.0 = Release|Any CPU
		{DFDE5788-C0E8-4225-A29F-2163FA856E65}.Debug|Any CPU.ActiveCfg = Debug|Any CPU
		{DFDE5788-C0E8-4225-A29F-2163FA856E65}.Debug|Any CPU.Build.0 = Debug|Any CPU
		{DFDE5788-C0E8-4225-A29F-2163FA856E65}.Release|Any CPU.ActiveCfg = Release|Any CPU
		{DFDE5788-C0E8-4225-A29F-2163FA856E65}.Release|Any CPU.Build.0 = Release|Any CPU
		{6E91F6C7-B347-4618-9B9C-BCAB07A83E89}.Debug|Any CPU.ActiveCfg = Debug|Any CPU
		{6E91F6C7-B347-4618-9B9C-BCAB07A83E89}.Debug|Any CPU.Build.0 = Debug|Any CPU
		{6E91F6C7-B347-4618-9B9C-BCAB07A83E89}.Release|Any CPU.ActiveCfg = Release|Any CPU
		{6E91F6C7-B347-4618-9B9C-BCAB07A83E89}.Release|Any CPU.Build.0 = Release|Any CPU
		{D3DA777A-462A-4BF1-94B6-BFE1664991B8}.Debug|Any CPU.ActiveCfg = Debug|Any CPU
		{D3DA777A-462A-4BF1-94B6-BFE1664991B8}.Debug|Any CPU.Build.0 = Debug|Any CPU
		{D3DA777A-462A-4BF1-94B6-BFE1664991B8}.Release|Any CPU.ActiveCfg = Release|Any CPU
		{D3DA777A-462A-4BF1-94B6-BFE1664991B8}.Release|Any CPU.Build.0 = Release|Any CPU
		{49AC3ED3-5705-40A3-B38F-CBB0D1672FFB}.Debug|Any CPU.ActiveCfg = Debug|Any CPU
		{49AC3ED3-5705-40A3-B38F-CBB0D1672FFB}.Debug|Any CPU.Build.0 = Debug|Any CPU
		{49AC3ED3-5705-40A3-B38F-CBB0D1672FFB}.Release|Any CPU.ActiveCfg = Release|Any CPU
		{49AC3ED3-5705-40A3-B38F-CBB0D1672FFB}.Release|Any CPU.Build.0 = Release|Any CPU
		{E5EE575B-F48F-4CFE-A993-90A508BFF33C}.Debug|Any CPU.ActiveCfg = Debug|Any CPU
		{E5EE575B-F48F-4CFE-A993-90A508BFF33C}.Debug|Any CPU.Build.0 = Debug|Any CPU
		{E5EE575B-F48F-4CFE-A993-90A508BFF33C}.Release|Any CPU.ActiveCfg = Release|Any CPU
		{E5EE575B-F48F-4CFE-A993-90A508BFF33C}.Release|Any CPU.Build.0 = Release|Any CPU
		{F0889175-1FD9-40D1-BB9E-CFDD3DB8B59F}.Debug|Any CPU.ActiveCfg = Debug|Any CPU
		{F0889175-1FD9-40D1-BB9E-CFDD3DB8B59F}.Debug|Any CPU.Build.0 = Debug|Any CPU
		{F0889175-1FD9-40D1-BB9E-CFDD3DB8B59F}.Release|Any CPU.ActiveCfg = Release|Any CPU
		{F0889175-1FD9-40D1-BB9E-CFDD3DB8B59F}.Release|Any CPU.Build.0 = Release|Any CPU
		{9A32CD88-2CF1-4C6E-A821-C356F409BDC0}.Debug|Any CPU.ActiveCfg = Debug|Any CPU
		{9A32CD88-2CF1-4C6E-A821-C356F409BDC0}.Debug|Any CPU.Build.0 = Debug|Any CPU
		{9A32CD88-2CF1-4C6E-A821-C356F409BDC0}.Release|Any CPU.ActiveCfg = Release|Any CPU
		{9A32CD88-2CF1-4C6E-A821-C356F409BDC0}.Release|Any CPU.Build.0 = Release|Any CPU
		{73395DE7-5003-490C-8804-541DE647153D}.Debug|Any CPU.ActiveCfg = Debug|Any CPU
		{73395DE7-5003-490C-8804-541DE647153D}.Debug|Any CPU.Build.0 = Debug|Any CPU
		{73395DE7-5003-490C-8804-541DE647153D}.Release|Any CPU.ActiveCfg = Release|Any CPU
		{73395DE7-5003-490C-8804-541DE647153D}.Release|Any CPU.Build.0 = Release|Any CPU
		{3DE34B32-8848-46F8-A803-DE62193FA7BF}.Debug|Any CPU.ActiveCfg = Debug|Any CPU
		{3DE34B32-8848-46F8-A803-DE62193FA7BF}.Debug|Any CPU.Build.0 = Debug|Any CPU
		{3DE34B32-8848-46F8-A803-DE62193FA7BF}.Release|Any CPU.ActiveCfg = Release|Any CPU
		{3DE34B32-8848-46F8-A803-DE62193FA7BF}.Release|Any CPU.Build.0 = Release|Any CPU
		{10B9B344-A0DB-4FFB-B661-7A8D0D4D4F81}.Debug|Any CPU.ActiveCfg = Debug|Any CPU
		{10B9B344-A0DB-4FFB-B661-7A8D0D4D4F81}.Debug|Any CPU.Build.0 = Debug|Any CPU
		{10B9B344-A0DB-4FFB-B661-7A8D0D4D4F81}.Release|Any CPU.ActiveCfg = Release|Any CPU
		{10B9B344-A0DB-4FFB-B661-7A8D0D4D4F81}.Release|Any CPU.Build.0 = Release|Any CPU
		{28E72068-BA9D-470D-83C3-B968ACCD1A91}.Debug|Any CPU.ActiveCfg = Debug|Any CPU
		{28E72068-BA9D-470D-83C3-B968ACCD1A91}.Debug|Any CPU.Build.0 = Debug|Any CPU
		{28E72068-BA9D-470D-83C3-B968ACCD1A91}.Release|Any CPU.ActiveCfg = Release|Any CPU
		{28E72068-BA9D-470D-83C3-B968ACCD1A91}.Release|Any CPU.Build.0 = Release|Any CPU
		{A69138D4-EAEB-4690-A040-5F612FEDDEB2}.Debug|Any CPU.ActiveCfg = Debug|Any CPU
		{A69138D4-EAEB-4690-A040-5F612FEDDEB2}.Debug|Any CPU.Build.0 = Debug|Any CPU
		{A69138D4-EAEB-4690-A040-5F612FEDDEB2}.Release|Any CPU.ActiveCfg = Release|Any CPU
		{A69138D4-EAEB-4690-A040-5F612FEDDEB2}.Release|Any CPU.Build.0 = Release|Any CPU
		{4DB681D0-3C3C-43C9-8950-B73344427ADC}.Debug|Any CPU.ActiveCfg = Debug|Any CPU
		{4DB681D0-3C3C-43C9-8950-B73344427ADC}.Debug|Any CPU.Build.0 = Debug|Any CPU
		{4DB681D0-3C3C-43C9-8950-B73344427ADC}.Release|Any CPU.ActiveCfg = Release|Any CPU
		{4DB681D0-3C3C-43C9-8950-B73344427ADC}.Release|Any CPU.Build.0 = Release|Any CPU
		{61B61289-D4E4-45F2-916B-D60114A4BD66}.Debug|Any CPU.ActiveCfg = Debug|Any CPU
		{61B61289-D4E4-45F2-916B-D60114A4BD66}.Debug|Any CPU.Build.0 = Debug|Any CPU
		{61B61289-D4E4-45F2-916B-D60114A4BD66}.Release|Any CPU.ActiveCfg = Release|Any CPU
		{61B61289-D4E4-45F2-916B-D60114A4BD66}.Release|Any CPU.Build.0 = Release|Any CPU
		{7545567D-C0F9-4614-B16A-12DEEE138009}.Debug|Any CPU.ActiveCfg = Debug|Any CPU
		{7545567D-C0F9-4614-B16A-12DEEE138009}.Debug|Any CPU.Build.0 = Debug|Any CPU
		{7545567D-C0F9-4614-B16A-12DEEE138009}.Release|Any CPU.ActiveCfg = Release|Any CPU
		{7545567D-C0F9-4614-B16A-12DEEE138009}.Release|Any CPU.Build.0 = Release|Any CPU
		{DA5EF2F2-7938-44CF-8869-4530DFC95B89}.Debug|Any CPU.ActiveCfg = Debug|Any CPU
		{DA5EF2F2-7938-44CF-8869-4530DFC95B89}.Debug|Any CPU.Build.0 = Debug|Any CPU
		{DA5EF2F2-7938-44CF-8869-4530DFC95B89}.Release|Any CPU.ActiveCfg = Release|Any CPU
		{DA5EF2F2-7938-44CF-8869-4530DFC95B89}.Release|Any CPU.Build.0 = Release|Any CPU
		{16059263-FAFC-46AF-83F4-D8999D10F4BA}.Debug|Any CPU.ActiveCfg = Debug|Any CPU
		{16059263-FAFC-46AF-83F4-D8999D10F4BA}.Debug|Any CPU.Build.0 = Debug|Any CPU
		{16059263-FAFC-46AF-83F4-D8999D10F4BA}.Release|Any CPU.ActiveCfg = Release|Any CPU
		{16059263-FAFC-46AF-83F4-D8999D10F4BA}.Release|Any CPU.Build.0 = Release|Any CPU
		{DAD7BECB-B423-4384-8EDC-0D496E164EEC}.Debug|Any CPU.ActiveCfg = Debug|Any CPU
		{DAD7BECB-B423-4384-8EDC-0D496E164EEC}.Debug|Any CPU.Build.0 = Debug|Any CPU
		{DAD7BECB-B423-4384-8EDC-0D496E164EEC}.Release|Any CPU.ActiveCfg = Release|Any CPU
		{DAD7BECB-B423-4384-8EDC-0D496E164EEC}.Release|Any CPU.Build.0 = Release|Any CPU
		{014B7148-774A-4784-8124-516CF00B4B9E}.Debug|Any CPU.ActiveCfg = Debug|Any CPU
		{014B7148-774A-4784-8124-516CF00B4B9E}.Debug|Any CPU.Build.0 = Debug|Any CPU
		{014B7148-774A-4784-8124-516CF00B4B9E}.Release|Any CPU.ActiveCfg = Release|Any CPU
		{014B7148-774A-4784-8124-516CF00B4B9E}.Release|Any CPU.Build.0 = Release|Any CPU
		{3348C6C0-81B0-4FB3-BA1D-6826968F028E}.Debug|Any CPU.ActiveCfg = Debug|Any CPU
		{3348C6C0-81B0-4FB3-BA1D-6826968F028E}.Debug|Any CPU.Build.0 = Debug|Any CPU
		{3348C6C0-81B0-4FB3-BA1D-6826968F028E}.Release|Any CPU.ActiveCfg = Release|Any CPU
		{3348C6C0-81B0-4FB3-BA1D-6826968F028E}.Release|Any CPU.Build.0 = Release|Any CPU
		{EC53646C-960E-4DA4-8AFF-E12370ACCCAE}.Debug|Any CPU.ActiveCfg = Debug|Any CPU
		{EC53646C-960E-4DA4-8AFF-E12370ACCCAE}.Debug|Any CPU.Build.0 = Debug|Any CPU
		{EC53646C-960E-4DA4-8AFF-E12370ACCCAE}.Release|Any CPU.ActiveCfg = Release|Any CPU
		{EC53646C-960E-4DA4-8AFF-E12370ACCCAE}.Release|Any CPU.Build.0 = Release|Any CPU
		{69F691CF-7D66-42B3-B941-6A8579533AC7}.Debug|Any CPU.ActiveCfg = Debug|Any CPU
		{69F691CF-7D66-42B3-B941-6A8579533AC7}.Debug|Any CPU.Build.0 = Debug|Any CPU
		{69F691CF-7D66-42B3-B941-6A8579533AC7}.Release|Any CPU.ActiveCfg = Release|Any CPU
		{69F691CF-7D66-42B3-B941-6A8579533AC7}.Release|Any CPU.Build.0 = Release|Any CPU
		{545E697B-FF18-401C-A1DB-141035F57E2A}.Debug|Any CPU.ActiveCfg = Debug|Any CPU
		{545E697B-FF18-401C-A1DB-141035F57E2A}.Debug|Any CPU.Build.0 = Debug|Any CPU
		{545E697B-FF18-401C-A1DB-141035F57E2A}.Release|Any CPU.ActiveCfg = Release|Any CPU
		{545E697B-FF18-401C-A1DB-141035F57E2A}.Release|Any CPU.Build.0 = Release|Any CPU
		{E00EF5D4-3077-454A-A06D-7743AA9647F9}.Debug|Any CPU.ActiveCfg = Debug|Any CPU
		{E00EF5D4-3077-454A-A06D-7743AA9647F9}.Debug|Any CPU.Build.0 = Debug|Any CPU
		{E00EF5D4-3077-454A-A06D-7743AA9647F9}.Release|Any CPU.ActiveCfg = Release|Any CPU
		{E00EF5D4-3077-454A-A06D-7743AA9647F9}.Release|Any CPU.Build.0 = Release|Any CPU
		{D67B3469-DA9B-4482-9F59-D3D2A1FA0842}.Debug|Any CPU.ActiveCfg = Debug|Any CPU
		{D67B3469-DA9B-4482-9F59-D3D2A1FA0842}.Debug|Any CPU.Build.0 = Debug|Any CPU
		{D67B3469-DA9B-4482-9F59-D3D2A1FA0842}.Release|Any CPU.ActiveCfg = Release|Any CPU
		{D67B3469-DA9B-4482-9F59-D3D2A1FA0842}.Release|Any CPU.Build.0 = Release|Any CPU
		{F906BB3F-0FBD-451A-BC3C-17BF01270247}.Debug|Any CPU.ActiveCfg = Debug|Any CPU
		{F906BB3F-0FBD-451A-BC3C-17BF01270247}.Debug|Any CPU.Build.0 = Debug|Any CPU
		{F906BB3F-0FBD-451A-BC3C-17BF01270247}.Release|Any CPU.ActiveCfg = Release|Any CPU
		{F906BB3F-0FBD-451A-BC3C-17BF01270247}.Release|Any CPU.Build.0 = Release|Any CPU
		{E5CA7D39-6415-44F4-A600-E773727CB8CB}.Debug|Any CPU.ActiveCfg = Debug|Any CPU
		{E5CA7D39-6415-44F4-A600-E773727CB8CB}.Debug|Any CPU.Build.0 = Debug|Any CPU
		{E5CA7D39-6415-44F4-A600-E773727CB8CB}.Release|Any CPU.ActiveCfg = Release|Any CPU
		{E5CA7D39-6415-44F4-A600-E773727CB8CB}.Release|Any CPU.Build.0 = Release|Any CPU
		{0416DEEF-DF18-4438-9A25-D4EE468CF292}.Debug|Any CPU.ActiveCfg = Debug|Any CPU
		{0416DEEF-DF18-4438-9A25-D4EE468CF292}.Debug|Any CPU.Build.0 = Debug|Any CPU
		{0416DEEF-DF18-4438-9A25-D4EE468CF292}.Release|Any CPU.ActiveCfg = Release|Any CPU
		{0416DEEF-DF18-4438-9A25-D4EE468CF292}.Release|Any CPU.Build.0 = Release|Any CPU
		{EDFD76CB-3D3C-4539-B0F3-BD86F0B04D95}.Debug|Any CPU.ActiveCfg = Debug|Any CPU
		{EDFD76CB-3D3C-4539-B0F3-BD86F0B04D95}.Debug|Any CPU.Build.0 = Debug|Any CPU
		{EDFD76CB-3D3C-4539-B0F3-BD86F0B04D95}.Release|Any CPU.ActiveCfg = Release|Any CPU
		{EDFD76CB-3D3C-4539-B0F3-BD86F0B04D95}.Release|Any CPU.Build.0 = Release|Any CPU
		{BD9B8564-4B2B-4D53-84F1-95E7BC04EC8C}.Debug|Any CPU.ActiveCfg = Debug|Any CPU
		{BD9B8564-4B2B-4D53-84F1-95E7BC04EC8C}.Debug|Any CPU.Build.0 = Debug|Any CPU
		{BD9B8564-4B2B-4D53-84F1-95E7BC04EC8C}.Release|Any CPU.ActiveCfg = Release|Any CPU
		{BD9B8564-4B2B-4D53-84F1-95E7BC04EC8C}.Release|Any CPU.Build.0 = Release|Any CPU
		{B1FC7D83-C38A-4C15-8693-3300CF3EF54F}.Debug|Any CPU.ActiveCfg = Debug|Any CPU
		{B1FC7D83-C38A-4C15-8693-3300CF3EF54F}.Debug|Any CPU.Build.0 = Debug|Any CPU
		{B1FC7D83-C38A-4C15-8693-3300CF3EF54F}.Release|Any CPU.ActiveCfg = Release|Any CPU
		{B1FC7D83-C38A-4C15-8693-3300CF3EF54F}.Release|Any CPU.Build.0 = Release|Any CPU
		{B0AAF646-B3C7-4B8A-933D-BA782B21092C}.Debug|Any CPU.ActiveCfg = Debug|Any CPU
		{B0AAF646-B3C7-4B8A-933D-BA782B21092C}.Debug|Any CPU.Build.0 = Debug|Any CPU
		{B0AAF646-B3C7-4B8A-933D-BA782B21092C}.Release|Any CPU.ActiveCfg = Release|Any CPU
		{B0AAF646-B3C7-4B8A-933D-BA782B21092C}.Release|Any CPU.Build.0 = Release|Any CPU
	EndGlobalSection
	GlobalSection(SolutionProperties) = preSolution
		HideSolutionNode = FALSE
	EndGlobalSection
	GlobalSection(NestedProjects) = preSolution
		{C5760143-0CFC-4638-AF74-069D1A8985D6} = {86BF3059-2C78-4066-A61D-43A694D2CF90}
		{5748E985-E51A-4CD1-86DF-092FAA19E987} = {86BF3059-2C78-4066-A61D-43A694D2CF90}
		{6E385E2D-365A-46AA-AE93-01B375C4E48F} = {D3B598F9-0178-4C17-8948-16CCF5E1134F}
		{742850E6-BFF3-4D98-B892-53C023DD4087} = {D3B598F9-0178-4C17-8948-16CCF5E1134F}
		{D9740E22-D95D-40C9-958B-C7F8CE164784} = {D3B598F9-0178-4C17-8948-16CCF5E1134F}
		{2D646012-FB7D-4067-A541-EB3417AC3BDB} = {D3B598F9-0178-4C17-8948-16CCF5E1134F}
		{C64C553C-1260-4097-8334-8979A3493EAB} = {D3B598F9-0178-4C17-8948-16CCF5E1134F}
		{77C48D2B-08E9-4E0A-9EFF-ED342A5899BD} = {D3B598F9-0178-4C17-8948-16CCF5E1134F}
		{86CC7FFA-A1F0-4477-9D6F-CAC2FF3DD555} = {86BF3059-2C78-4066-A61D-43A694D2CF90}
		{9866F76F-64E9-4B0C-B2C5-34281B416803} = {86BF3059-2C78-4066-A61D-43A694D2CF90}
		{4EA55CFB-72FD-4298-810A-65A5A3E2AD48} = {8684A307-3205-4786-B679-8062883F35B4}
		{FCE678FC-C5D3-4911-82F5-24FCB9F61D84} = {86BF3059-2C78-4066-A61D-43A694D2CF90}
		{0C9ADAD0-414B-447C-9B65-038BE38DB6D8} = {8684A307-3205-4786-B679-8062883F35B4}
		{56E41A71-1AC5-49D0-A8EC-B0E4767C7BF7} = {86BF3059-2C78-4066-A61D-43A694D2CF90}
		{ACAE4BA0-3596-447C-822A-E9FCE74D6486} = {8E9CBDAA-AD39-4B48-8F6A-2FFB53D53628}
		{A22E2C58-AB67-4AEE-B250-FECF6F46DB1B} = {8E9CBDAA-AD39-4B48-8F6A-2FFB53D53628}
		{B11E5E10-9F8D-4506-89A5-A4FB38BDBB65} = {8684A307-3205-4786-B679-8062883F35B4}
		{7B12E331-5AB0-4F3F-A706-37AEB6865628} = {8684A307-3205-4786-B679-8062883F35B4}
		{F060EB59-FF12-4D2F-8E88-01D09AC24BB6} = {8684A307-3205-4786-B679-8062883F35B4}
		{876E00CE-1E86-480D-A541-36FAD5F39C64} = {8684A307-3205-4786-B679-8062883F35B4}
		{D0A3E78E-32B1-4DB2-A6CB-58D47FDDFE75} = {8E9CBDAA-AD39-4B48-8F6A-2FFB53D53628}
		{930BCEEB-420F-4444-B057-4CE2C523A954} = {8E9CBDAA-AD39-4B48-8F6A-2FFB53D53628}
		{814C1638-D0DD-49F2-9B42-C2CCF37A3D7A} = {8E9CBDAA-AD39-4B48-8F6A-2FFB53D53628}
		{5AA372FC-F6D3-47B8-845C-7388A821ED67} = {8E9CBDAA-AD39-4B48-8F6A-2FFB53D53628}
		{A634E68E-F72F-42A5-ACB6-C99006FE24D2} = {8E9CBDAA-AD39-4B48-8F6A-2FFB53D53628}
		{9BB91390-4B55-44C0-A33F-8D7BCC016381} = {8E9CBDAA-AD39-4B48-8F6A-2FFB53D53628}
		{8B5AEBE3-A280-4941-A934-F007087A11A8} = {8684A307-3205-4786-B679-8062883F35B4}
		{DFDE5788-C0E8-4225-A29F-2163FA856E65} = {8684A307-3205-4786-B679-8062883F35B4}
		{6E91F6C7-B347-4618-9B9C-BCAB07A83E89} = {8E9CBDAA-AD39-4B48-8F6A-2FFB53D53628}
		{D3DA777A-462A-4BF1-94B6-BFE1664991B8} = {8E9CBDAA-AD39-4B48-8F6A-2FFB53D53628}
		{49AC3ED3-5705-40A3-B38F-CBB0D1672FFB} = {8E9CBDAA-AD39-4B48-8F6A-2FFB53D53628}
		{E5EE575B-F48F-4CFE-A993-90A508BFF33C} = {8E9CBDAA-AD39-4B48-8F6A-2FFB53D53628}
		{F0889175-1FD9-40D1-BB9E-CFDD3DB8B59F} = {053B2C2A-623B-4D27-8D73-5E7F880932ED}
		{9A32CD88-2CF1-4C6E-A821-C356F409BDC0} = {053B2C2A-623B-4D27-8D73-5E7F880932ED}
		{73395DE7-5003-490C-8804-541DE647153D} = {053B2C2A-623B-4D27-8D73-5E7F880932ED}
		{3DE34B32-8848-46F8-A803-DE62193FA7BF} = {053B2C2A-623B-4D27-8D73-5E7F880932ED}
		{10B9B344-A0DB-4FFB-B661-7A8D0D4D4F81} = {053B2C2A-623B-4D27-8D73-5E7F880932ED}
		{28E72068-BA9D-470D-83C3-B968ACCD1A91} = {053B2C2A-623B-4D27-8D73-5E7F880932ED}
		{A69138D4-EAEB-4690-A040-5F612FEDDEB2} = {053B2C2A-623B-4D27-8D73-5E7F880932ED}
		{4DB681D0-3C3C-43C9-8950-B73344427ADC} = {053B2C2A-623B-4D27-8D73-5E7F880932ED}
		{61B61289-D4E4-45F2-916B-D60114A4BD66} = {053B2C2A-623B-4D27-8D73-5E7F880932ED}
		{7545567D-C0F9-4614-B16A-12DEEE138009} = {053B2C2A-623B-4D27-8D73-5E7F880932ED}
		{DA5EF2F2-7938-44CF-8869-4530DFC95B89} = {053B2C2A-623B-4D27-8D73-5E7F880932ED}
		{16059263-FAFC-46AF-83F4-D8999D10F4BA} = {053B2C2A-623B-4D27-8D73-5E7F880932ED}
		{DAD7BECB-B423-4384-8EDC-0D496E164EEC} = {8E9CBDAA-AD39-4B48-8F6A-2FFB53D53628}
		{014B7148-774A-4784-8124-516CF00B4B9E} = {8E9CBDAA-AD39-4B48-8F6A-2FFB53D53628}
		{3348C6C0-81B0-4FB3-BA1D-6826968F028E} = {8E9CBDAA-AD39-4B48-8F6A-2FFB53D53628}
		{EC53646C-960E-4DA4-8AFF-E12370ACCCAE} = {053B2C2A-623B-4D27-8D73-5E7F880932ED}
		{69F691CF-7D66-42B3-B941-6A8579533AC7} = {053B2C2A-623B-4D27-8D73-5E7F880932ED}
		{545E697B-FF18-401C-A1DB-141035F57E2A} = {053B2C2A-623B-4D27-8D73-5E7F880932ED}
		{E00EF5D4-3077-454A-A06D-7743AA9647F9} = {053B2C2A-623B-4D27-8D73-5E7F880932ED}
		{D67B3469-DA9B-4482-9F59-D3D2A1FA0842} = {2FCE124B-221D-4694-B7D0-7478BBD48429}
		{F906BB3F-0FBD-451A-BC3C-17BF01270247} = {B79FF7E1-8967-48D1-8B73-8512C2AED1EF}
		{E5CA7D39-6415-44F4-A600-E773727CB8CB} = {053B2C2A-623B-4D27-8D73-5E7F880932ED}
		{0416DEEF-DF18-4438-9A25-D4EE468CF292} = {053B2C2A-623B-4D27-8D73-5E7F880932ED}
		{EDFD76CB-3D3C-4539-B0F3-BD86F0B04D95} = {2FCE124B-221D-4694-B7D0-7478BBD48429}
		{BD9B8564-4B2B-4D53-84F1-95E7BC04EC8C} = {B79FF7E1-8967-48D1-8B73-8512C2AED1EF}
		{B1FC7D83-C38A-4C15-8693-3300CF3EF54F} = {2FCE124B-221D-4694-B7D0-7478BBD48429}
		{B0AAF646-B3C7-4B8A-933D-BA782B21092C} = {B79FF7E1-8967-48D1-8B73-8512C2AED1EF}
	EndGlobalSection
EndGlobal
